
Microsoft Visual Studio Solution File, Format Version 12.00
# Visual Studio 15
VisualStudioVersion = 15.0.27703.2026
MinimumVisualStudioVersion = 10.0.40219.1
Project("{9A19103F-16F7-4668-BE54-9A1E7A4F7556}") = "Gateway.API", "Gateway.API\Gateway.API.csproj", "{EB8FE2F7-A709-4C27-87DC-1D957D9DCA55}"
EndProject
Project("{9A19103F-16F7-4668-BE54-9A1E7A4F7556}") = "Auth.API", "Auth.API\Auth.API.csproj", "{83E39C8E-020F-4AE5-A180-2744F7C83538}"
EndProject
Project("{9A19103F-16F7-4668-BE54-9A1E7A4F7556}") = "React.App", "React.App\React.App.csproj", "{DB6582C4-F4BA-4332-8C9E-5BF6BD7DC28E}"
EndProject
Project("{9A19103F-16F7-4668-BE54-9A1E7A4F7556}") = "Aerende.Service.API", "Aerende.Service.API\Aerende.Service.API.csproj", "{B83092A3-18BB-4E8A-917F-B18E2CA2D1E4}"
EndProject
Project("{9A19103F-16F7-4668-BE54-9A1E7A4F7556}") = "Faktura.Service.API", "Faktura.Service.API\Faktura.Service.API.csproj", "{64C00546-73F8-4CE9-AE0F-75CCBA30449D}"
EndProject
Project("{9A19103F-16F7-4668-BE54-9A1E7A4F7556}") = "Database.Service.API", "Database.Service.API\Database.Service.API.csproj", "{855ADFA7-A8B5-4DEB-B8F6-32325CD645AC}"
EndProject
Project("{2150E333-8FDC-42A3-9474-1A3956D46DE8}") = "Documents", "Documents", "{90213863-B458-4830-AE08-D75F9FCB0C00}"
	ProjectSection(SolutionItems) = preProject
		D:\NET\_CaseSolutions_\CaseSolutions_V2.jpg = D:\NET\_CaseSolutions_\CaseSolutions_V2.jpg
		D:\NET\_CaseSolutions_\CaseSolutions_V2.xml = D:\NET\_CaseSolutions_\CaseSolutions_V2.xml
		ExceptionRef.txt = ExceptionRef.txt
	EndProjectSection
EndProject
Global
	GlobalSection(SolutionConfigurationPlatforms) = preSolution
		Debug|Any CPU = Debug|Any CPU
		Release|Any CPU = Release|Any CPU
	EndGlobalSection
	GlobalSection(ProjectConfigurationPlatforms) = postSolution
		{EB8FE2F7-A709-4C27-87DC-1D957D9DCA55}.Debug|Any CPU.ActiveCfg = Debug|Any CPU
		{EB8FE2F7-A709-4C27-87DC-1D957D9DCA55}.Debug|Any CPU.Build.0 = Debug|Any CPU
		{EB8FE2F7-A709-4C27-87DC-1D957D9DCA55}.Release|Any CPU.ActiveCfg = Release|Any CPU
		{EB8FE2F7-A709-4C27-87DC-1D957D9DCA55}.Release|Any CPU.Build.0 = Release|Any CPU
		{83E39C8E-020F-4AE5-A180-2744F7C83538}.Debug|Any CPU.ActiveCfg = Debug|Any CPU
		{83E39C8E-020F-4AE5-A180-2744F7C83538}.Debug|Any CPU.Build.0 = Debug|Any CPU
		{83E39C8E-020F-4AE5-A180-2744F7C83538}.Release|Any CPU.ActiveCfg = Release|Any CPU
		{83E39C8E-020F-4AE5-A180-2744F7C83538}.Release|Any CPU.Build.0 = Release|Any CPU
		{DB6582C4-F4BA-4332-8C9E-5BF6BD7DC28E}.Debug|Any CPU.ActiveCfg = Debug|Any CPU
		{DB6582C4-F4BA-4332-8C9E-5BF6BD7DC28E}.Debug|Any CPU.Build.0 = Debug|Any CPU
		{DB6582C4-F4BA-4332-8C9E-5BF6BD7DC28E}.Release|Any CPU.ActiveCfg = Release|Any CPU
		{DB6582C4-F4BA-4332-8C9E-5BF6BD7DC28E}.Release|Any CPU.Build.0 = Release|Any CPU
		{B83092A3-18BB-4E8A-917F-B18E2CA2D1E4}.Debug|Any CPU.ActiveCfg = Debug|Any CPU
		{B83092A3-18BB-4E8A-917F-B18E2CA2D1E4}.Debug|Any CPU.Build.0 = Debug|Any CPU
		{B83092A3-18BB-4E8A-917F-B18E2CA2D1E4}.Release|Any CPU.ActiveCfg = Release|Any CPU
		{B83092A3-18BB-4E8A-917F-B18E2CA2D1E4}.Release|Any CPU.Build.0 = Release|Any CPU
		{64C00546-73F8-4CE9-AE0F-75CCBA30449D}.Debug|Any CPU.ActiveCfg = Debug|Any CPU
		{64C00546-73F8-4CE9-AE0F-75CCBA30449D}.Debug|Any CPU.Build.0 = Debug|Any CPU
		{64C00546-73F8-4CE9-AE0F-75CCBA30449D}.Release|Any CPU.ActiveCfg = Release|Any CPU
		{64C00546-73F8-4CE9-AE0F-75CCBA30449D}.Release|Any CPU.Build.0 = Release|Any CPU
		{855ADFA7-A8B5-4DEB-B8F6-32325CD645AC}.Debug|Any CPU.ActiveCfg = Debug|Any CPU
		{855ADFA7-A8B5-4DEB-B8F6-32325CD645AC}.Debug|Any CPU.Build.0 = Debug|Any CPU
		{855ADFA7-A8B5-4DEB-B8F6-32325CD645AC}.Release|Any CPU.ActiveCfg = Release|Any CPU
		{855ADFA7-A8B5-4DEB-B8F6-32325CD645AC}.Release|Any CPU.Build.0 = Release|Any CPU
	EndGlobalSection
	GlobalSection(SolutionProperties) = preSolution
		HideSolutionNode = FALSE
	EndGlobalSection
	GlobalSection(ExtensibilityGlobals) = postSolution
		SolutionGuid = {3FFAC709-99A7-4866-BD3F-AE1D5133BE0F}
	EndGlobalSection
EndGlobal
